
Microsoft Visual Studio Solution File, Format Version 12.00
# Visual Studio 2013
VisualStudioVersion = 12.0.30324.0
MinimumVisualStudioVersion = 10.0.40219.1
Project("{FAE04EC0-301F-11D3-BF4B-00C04F79EFBC}") = "01.SumAndAverageOfSequence", "01.SumAndAverageOfSequence\01.SumAndAverageOfSequence.csproj", "{87C38DED-2817-4662-A1AF-6437D43C7641}"
EndProject
Project("{FAE04EC0-301F-11D3-BF4B-00C04F79EFBC}") = "02.ReverseUsingStack", "02.ReverseUsingStack\02.ReverseUsingStack.csproj", "{6ABB318C-F227-4465-82B5-6AD2687DF16E}"
EndProject
Project("{FAE04EC0-301F-11D3-BF4B-00C04F79EFBC}") = "03.SortListOfInts", "03.SortListOfInts\03.SortListOfInts.csproj", "{26C2C358-1265-4830-A79F-9B95FE4855B7}"
EndProject
Project("{FAE04EC0-301F-11D3-BF4B-00C04F79EFBC}") = "04.MaxSequenceOfEqualNumbers", "04.MaxSequenceOfEqualNumbers\04.MaxSequenceOfEqualNumbers.csproj", "{5AA42DB4-9466-4166-BE6F-95F3D31CB9DE}"
EndProject
Global
	GlobalSection(SolutionConfigurationPlatforms) = preSolution
		Debug|Any CPU = Debug|Any CPU
		Release|Any CPU = Release|Any CPU
	EndGlobalSection
	GlobalSection(ProjectConfigurationPlatforms) = postSolution
		{87C38DED-2817-4662-A1AF-6437D43C7641}.Debug|Any CPU.ActiveCfg = Debug|Any CPU
		{87C38DED-2817-4662-A1AF-6437D43C7641}.Debug|Any CPU.Build.0 = Debug|Any CPU
		{87C38DED-2817-4662-A1AF-6437D43C7641}.Release|Any CPU.ActiveCfg = Release|Any CPU
		{87C38DED-2817-4662-A1AF-6437D43C7641}.Release|Any CPU.Build.0 = Release|Any CPU
		{6ABB318C-F227-4465-82B5-6AD2687DF16E}.Debug|Any CPU.ActiveCfg = Debug|Any CPU
		{6ABB318C-F227-4465-82B5-6AD2687DF16E}.Debug|Any CPU.Build.0 = Debug|Any CPU
		{6ABB318C-F227-4465-82B5-6AD2687DF16E}.Release|Any CPU.ActiveCfg = Release|Any CPU
		{6ABB318C-F227-4465-82B5-6AD2687DF16E}.Release|Any CPU.Build.0 = Release|Any CPU
		{26C2C358-1265-4830-A79F-9B95FE4855B7}.Debug|Any CPU.ActiveCfg = Debug|Any CPU
		{26C2C358-1265-4830-A79F-9B95FE4855B7}.Debug|Any CPU.Build.0 = Debug|Any CPU
		{26C2C358-1265-4830-A79F-9B95FE4855B7}.Release|Any CPU.ActiveCfg = Release|Any CPU
		{26C2C358-1265-4830-A79F-9B95FE4855B7}.Release|Any CPU.Build.0 = Release|Any CPU
		{5AA42DB4-9466-4166-BE6F-95F3D31CB9DE}.Debug|Any CPU.ActiveCfg = Debug|Any CPU
		{5AA42DB4-9466-4166-BE6F-95F3D31CB9DE}.Debug|Any CPU.Build.0 = Debug|Any CPU
		{5AA42DB4-9466-4166-BE6F-95F3D31CB9DE}.Release|Any CPU.ActiveCfg = Release|Any CPU
		{5AA42DB4-9466-4166-BE6F-95F3D31CB9DE}.Release|Any CPU.Build.0 = Release|Any CPU
	EndGlobalSection
	GlobalSection(SolutionProperties) = preSolution
		HideSolutionNode = FALSE
	EndGlobalSection
EndGlobal
