
Microsoft Visual Studio Solution File, Format Version 12.00
# Visual Studio 2013
VisualStudioVersion = 12.0.30324.0
MinimumVisualStudioVersion = 10.0.40219.1
Project("{FAE04EC0-301F-11D3-BF4B-00C04F79EFBC}") = "01.SumAndAverageOfSequence", "01.SumAndAverageOfSequence\01.SumAndAverageOfSequence.csproj", "{87C38DED-2817-4662-A1AF-6437D43C7641}"
EndProject
Project("{FAE04EC0-301F-11D3-BF4B-00C04F79EFBC}") = "02.ReverseUsingStack", "02.ReverseUsingStack\02.ReverseUsingStack.csproj", "{6ABB318C-F227-4465-82B5-6AD2687DF16E}"
EndProject
Project("{FAE04EC0-301F-11D3-BF4B-00C04F79EFBC}") = "03.SortListOfInts", "03.SortListOfInts\03.SortListOfInts.csproj", "{26C2C358-1265-4830-A79F-9B95FE4855B7}"
EndProject
Project("{FAE04EC0-301F-11D3-BF4B-00C04F79EFBC}") = "04.MaxSequenceOfEqualNumbers", "04.MaxSequenceOfEqualNumbers\04.MaxSequenceOfEqualNumbers.csproj", "{5AA42DB4-9466-4166-BE6F-95F3D31CB9DE}"
EndProject
Project("{FAE04EC0-301F-11D3-BF4B-00C04F79EFBC}") = "05.NegativeNumbersRemover", "05.NegativeNumbersRemover\05.NegativeNumbersRemover.csproj", "{6A283ED8-056F-482F-96B4-73B7DF5F5C42}"
EndProject
Project("{FAE04EC0-301F-11D3-BF4B-00C04F79EFBC}") = "LinearDataStructures.Tests", "LinearDataStructures.Tests\LinearDataStructures.Tests.csproj", "{0568F40F-1298-4038-8509-153C2FE6B025}"
EndProject
Project("{FAE04EC0-301F-11D3-BF4B-00C04F79EFBC}") = "06.OddTimesNumberRemover", "06.OddTimesNumberRemover\06.OddTimesNumberRemover.csproj", "{3E963697-9066-4092-8432-7F7F66F539DE}"
EndProject
Project("{FAE04EC0-301F-11D3-BF4B-00C04F79EFBC}") = "07.OccurencesInArray", "07.OccurencesInArray\07.OccurencesInArray.csproj", "{2BFD7FE1-33B7-4076-8A58-46215C5257DA}"
EndProject
Project("{FAE04EC0-301F-11D3-BF4B-00C04F79EFBC}") = "08.MajorantOfAnArray", "08.MajorantOfAnArray\08.MajorantOfAnArray.csproj", "{9924EB54-0362-4E93-88EA-7966F2947EF2}"
EndProject
Project("{FAE04EC0-301F-11D3-BF4B-00C04F79EFBC}") = "09.First50NumbersInQueue", "09.First50NumbersInQueue\09.First50NumbersInQueue.csproj", "{4B1F0691-5FC5-4219-8D7E-D72F92744C40}"
EndProject
Project("{FAE04EC0-301F-11D3-BF4B-00C04F79EFBC}") = "11.LinkedListImplementation", "11.LinkedListImplementation\11.LinkedListImplementation.csproj", "{2F6612B4-C645-4F63-ABFA-173C96A1D5C5}"
EndProject
Project("{FAE04EC0-301F-11D3-BF4B-00C04F79EFBC}") = "12.Stack", "12.Stack\12.Stack.csproj", "{A086412D-581F-48EB-B332-0BAE39F7B051}"
EndProject
Project("{FAE04EC0-301F-11D3-BF4B-00C04F79EFBC}") = "13.LinkedQueueImplementation", "13.LinkedQueueImplementation\13.LinkedQueueImplementation.csproj", "{6A8E0D26-6C85-41C0-B277-2444B7144202}"
EndProject
Project("{FAE04EC0-301F-11D3-BF4B-00C04F79EFBC}") = "14.Labyrinth", "14.Labyrinth\14.Labyrinth.csproj", "{54E04B25-BDE8-499F-AA9B-A47846EAED20}"
EndProject
Global
	GlobalSection(SolutionConfigurationPlatforms) = preSolution
		Debug|Any CPU = Debug|Any CPU
		Release|Any CPU = Release|Any CPU
	EndGlobalSection
	GlobalSection(ProjectConfigurationPlatforms) = postSolution
		{87C38DED-2817-4662-A1AF-6437D43C7641}.Debug|Any CPU.ActiveCfg = Debug|Any CPU
		{87C38DED-2817-4662-A1AF-6437D43C7641}.Debug|Any CPU.Build.0 = Debug|Any CPU
		{87C38DED-2817-4662-A1AF-6437D43C7641}.Release|Any CPU.ActiveCfg = Release|Any CPU
		{87C38DED-2817-4662-A1AF-6437D43C7641}.Release|Any CPU.Build.0 = Release|Any CPU
		{6ABB318C-F227-4465-82B5-6AD2687DF16E}.Debug|Any CPU.ActiveCfg = Debug|Any CPU
		{6ABB318C-F227-4465-82B5-6AD2687DF16E}.Debug|Any CPU.Build.0 = Debug|Any CPU
		{6ABB318C-F227-4465-82B5-6AD2687DF16E}.Release|Any CPU.ActiveCfg = Release|Any CPU
		{6ABB318C-F227-4465-82B5-6AD2687DF16E}.Release|Any CPU.Build.0 = Release|Any CPU
		{26C2C358-1265-4830-A79F-9B95FE4855B7}.Debug|Any CPU.ActiveCfg = Debug|Any CPU
		{26C2C358-1265-4830-A79F-9B95FE4855B7}.Debug|Any CPU.Build.0 = Debug|Any CPU
		{26C2C358-1265-4830-A79F-9B95FE4855B7}.Release|Any CPU.ActiveCfg = Release|Any CPU
		{26C2C358-1265-4830-A79F-9B95FE4855B7}.Release|Any CPU.Build.0 = Release|Any CPU
		{5AA42DB4-9466-4166-BE6F-95F3D31CB9DE}.Debug|Any CPU.ActiveCfg = Debug|Any CPU
		{5AA42DB4-9466-4166-BE6F-95F3D31CB9DE}.Debug|Any CPU.Build.0 = Debug|Any CPU
		{5AA42DB4-9466-4166-BE6F-95F3D31CB9DE}.Release|Any CPU.ActiveCfg = Release|Any CPU
		{5AA42DB4-9466-4166-BE6F-95F3D31CB9DE}.Release|Any CPU.Build.0 = Release|Any CPU
		{6A283ED8-056F-482F-96B4-73B7DF5F5C42}.Debug|Any CPU.ActiveCfg = Debug|Any CPU
		{6A283ED8-056F-482F-96B4-73B7DF5F5C42}.Debug|Any CPU.Build.0 = Debug|Any CPU
		{6A283ED8-056F-482F-96B4-73B7DF5F5C42}.Release|Any CPU.ActiveCfg = Release|Any CPU
		{6A283ED8-056F-482F-96B4-73B7DF5F5C42}.Release|Any CPU.Build.0 = Release|Any CPU
		{0568F40F-1298-4038-8509-153C2FE6B025}.Debug|Any CPU.ActiveCfg = Debug|Any CPU
		{0568F40F-1298-4038-8509-153C2FE6B025}.Debug|Any CPU.Build.0 = Debug|Any CPU
		{0568F40F-1298-4038-8509-153C2FE6B025}.Release|Any CPU.ActiveCfg = Release|Any CPU
		{0568F40F-1298-4038-8509-153C2FE6B025}.Release|Any CPU.Build.0 = Release|Any CPU
		{3E963697-9066-4092-8432-7F7F66F539DE}.Debug|Any CPU.ActiveCfg = Debug|Any CPU
		{3E963697-9066-4092-8432-7F7F66F539DE}.Debug|Any CPU.Build.0 = Debug|Any CPU
		{3E963697-9066-4092-8432-7F7F66F539DE}.Release|Any CPU.ActiveCfg = Release|Any CPU
		{3E963697-9066-4092-8432-7F7F66F539DE}.Release|Any CPU.Build.0 = Release|Any CPU
		{2BFD7FE1-33B7-4076-8A58-46215C5257DA}.Debug|Any CPU.ActiveCfg = Debug|Any CPU
		{2BFD7FE1-33B7-4076-8A58-46215C5257DA}.Debug|Any CPU.Build.0 = Debug|Any CPU
		{2BFD7FE1-33B7-4076-8A58-46215C5257DA}.Release|Any CPU.ActiveCfg = Release|Any CPU
		{2BFD7FE1-33B7-4076-8A58-46215C5257DA}.Release|Any CPU.Build.0 = Release|Any CPU
		{9924EB54-0362-4E93-88EA-7966F2947EF2}.Debug|Any CPU.ActiveCfg = Debug|Any CPU
		{9924EB54-0362-4E93-88EA-7966F2947EF2}.Debug|Any CPU.Build.0 = Debug|Any CPU
		{9924EB54-0362-4E93-88EA-7966F2947EF2}.Release|Any CPU.ActiveCfg = Release|Any CPU
		{9924EB54-0362-4E93-88EA-7966F2947EF2}.Release|Any CPU.Build.0 = Release|Any CPU
		{4B1F0691-5FC5-4219-8D7E-D72F92744C40}.Debug|Any CPU.ActiveCfg = Debug|Any CPU
		{4B1F0691-5FC5-4219-8D7E-D72F92744C40}.Debug|Any CPU.Build.0 = Debug|Any CPU
		{4B1F0691-5FC5-4219-8D7E-D72F92744C40}.Release|Any CPU.ActiveCfg = Release|Any CPU
		{4B1F0691-5FC5-4219-8D7E-D72F92744C40}.Release|Any CPU.Build.0 = Release|Any CPU
		{2F6612B4-C645-4F63-ABFA-173C96A1D5C5}.Debug|Any CPU.ActiveCfg = Debug|Any CPU
		{2F6612B4-C645-4F63-ABFA-173C96A1D5C5}.Debug|Any CPU.Build.0 = Debug|Any CPU
		{2F6612B4-C645-4F63-ABFA-173C96A1D5C5}.Release|Any CPU.ActiveCfg = Release|Any CPU
		{2F6612B4-C645-4F63-ABFA-173C96A1D5C5}.Release|Any CPU.Build.0 = Release|Any CPU
		{A086412D-581F-48EB-B332-0BAE39F7B051}.Debug|Any CPU.ActiveCfg = Debug|Any CPU
		{A086412D-581F-48EB-B332-0BAE39F7B051}.Debug|Any CPU.Build.0 = Debug|Any CPU
		{A086412D-581F-48EB-B332-0BAE39F7B051}.Release|Any CPU.ActiveCfg = Release|Any CPU
		{A086412D-581F-48EB-B332-0BAE39F7B051}.Release|Any CPU.Build.0 = Release|Any CPU
		{6A8E0D26-6C85-41C0-B277-2444B7144202}.Debug|Any CPU.ActiveCfg = Debug|Any CPU
		{6A8E0D26-6C85-41C0-B277-2444B7144202}.Debug|Any CPU.Build.0 = Debug|Any CPU
		{6A8E0D26-6C85-41C0-B277-2444B7144202}.Release|Any CPU.ActiveCfg = Release|Any CPU
		{6A8E0D26-6C85-41C0-B277-2444B7144202}.Release|Any CPU.Build.0 = Release|Any CPU
		{54E04B25-BDE8-499F-AA9B-A47846EAED20}.Debug|Any CPU.ActiveCfg = Debug|Any CPU
		{54E04B25-BDE8-499F-AA9B-A47846EAED20}.Debug|Any CPU.Build.0 = Debug|Any CPU
		{54E04B25-BDE8-499F-AA9B-A47846EAED20}.Release|Any CPU.ActiveCfg = Release|Any CPU
		{54E04B25-BDE8-499F-AA9B-A47846EAED20}.Release|Any CPU.Build.0 = Release|Any CPU
	EndGlobalSection
	GlobalSection(SolutionProperties) = preSolution
		HideSolutionNode = FALSE
	EndGlobalSection
EndGlobal
